# THIS IS AN AUTOGENERATED FILE. DO NOT EDIT THIS FILE DIRECTLY.
# yarn lockfile v1


"@babel/runtime@^7.0.0-beta.42":
  version "7.4.0"
  resolved "https://registry.yarnpkg.com/@babel/runtime/-/runtime-7.4.0.tgz#d523416573f19aa12784639e631257c7fc58c0aa"
  integrity sha512-/eftZ45kD0OfOFHAmN02WP6N1NVphY+lBf8c2Q/P9VW3tj+N5NlBBAWfqOLOl96YDGMqpIBO5O/hQNx4A/lAng==
  dependencies:
    regenerator-runtime "^0.13.2"

react-confirm-decorator@^0.1.2:
  version "0.1.2"
  resolved "https://registry.yarnpkg.com/react-confirm-decorator/-/react-confirm-decorator-0.1.2.tgz#96343db069acd6709c8e0331fdfb5f586fbe2af6"
  integrity sha512-HJOgFSgGCpui3vWImerU8EUo5dS7HECeraFjmxLElNrQh14ZOJwt7rOjakAzqeJWbS5KPpZucUtmJ4elcBEVCQ==
  dependencies:
    "@babel/runtime" "^7.0.0-beta.42"

regenerator-runtime@^0.13.2:
  version "0.13.2"
  resolved "https://registry.yarnpkg.com/regenerator-runtime/-/regenerator-runtime-0.13.2.tgz#32e59c9a6fb9b1a4aff09b4930ca2d4477343447"
  integrity sha512-S/TQAZJO+D3m9xeN1WTI8dLKBBiRgXBlTJvbWjCThHWZj9EvHK70Ff50/tYj2J/fvBY6JtFVwRuazHN2E7M9BA==
